
Microsoft Visual Studio Solution File, Format Version 12.00
# Visual Studio 15
VisualStudioVersion = 15.0.27004.2009
MinimumVisualStudioVersion = 10.0.40219.1
Project("{FAE04EC0-301F-11D3-BF4B-00C04F79EFBC}") = "BinRename", "BinRename\BinRename.csproj", "{189AEC0C-F495-482D-A499-C5775F0ED9CE}"
EndProject
Project("{FAE04EC0-301F-11D3-BF4B-00C04F79EFBC}") = "banal", "banal\banal.csproj", "{D8731938-6BC9-449A-8204-AD6B71DF28CC}"
EndProject
Project("{FAE04EC0-301F-11D3-BF4B-00C04F79EFBC}") = "banallib", "banallib\banallib.csproj", "{32817936-C6E8-4074-8539-2BCED41FDFFB}"
EndProject
Project("{FAE04EC0-301F-11D3-BF4B-00C04F79EFBC}") = "SucBatch", "SucBatch\SucBatch.csproj", "{1C245544-EC35-4E8F-8B98-F23AE84A2783}"
EndProject
Project("{FAE04EC0-301F-11D3-BF4B-00C04F79EFBC}") = "SucUnBatch", "SucUnBatch\SucUnBatch.csproj", "{87488CF1-E834-4252-8113-FB999AD8F095}"
EndProject
Project("{FAE04EC0-301F-11D3-BF4B-00C04F79EFBC}") = "SucDbgSplitter", "SucDbgSplitter\SucDbgSplitter.csproj", "{3D1E90A8-2442-4E9C-A4C4-76C991042636}"
EndProject
Project("{FAE04EC0-301F-11D3-BF4B-00C04F79EFBC}") = "SucCompiler", "SucCompiler\SucCompiler.csproj", "{DBEF893F-76AE-479D-8D73-4F174A094BEA}"
EndProject
Project("{FAE04EC0-301F-11D3-BF4B-00C04F79EFBC}") = "SucDecompiler", "SucDecompiler\SucDecompiler.csproj", "{6EFB24E8-2A61-473A-9FBC-FADA4688A513}"
EndProject
Project("{FAE04EC0-301F-11D3-BF4B-00C04F79EFBC}") = "banalg", "S:\workspaces\DCoTETools\banalg\banalg.csproj", "{7FC4561B-4E81-4B71-BDA4-02CB9D849CAA}"
EndProject
Project("{FAE04EC0-301F-11D3-BF4B-00C04F79EFBC}") = "TreeTest", "TreeTest\TreeTest.csproj", "{A6AABDC8-27F9-4271-B585-0D980C6C5CF1}"
EndProject
Global
	GlobalSection(SolutionConfigurationPlatforms) = preSolution
		Debug|Any CPU = Debug|Any CPU
		Debug|Mixed Platforms = Debug|Mixed Platforms
		Debug|x86 = Debug|x86
		Release|Any CPU = Release|Any CPU
		Release|Mixed Platforms = Release|Mixed Platforms
		Release|x86 = Release|x86
	EndGlobalSection
	GlobalSection(ProjectConfigurationPlatforms) = postSolution
		{189AEC0C-F495-482D-A499-C5775F0ED9CE}.Debug|Any CPU.ActiveCfg = Debug|x86
		{189AEC0C-F495-482D-A499-C5775F0ED9CE}.Debug|Mixed Platforms.ActiveCfg = Debug|x86
		{189AEC0C-F495-482D-A499-C5775F0ED9CE}.Debug|x86.ActiveCfg = Debug|x86
		{189AEC0C-F495-482D-A499-C5775F0ED9CE}.Release|Any CPU.ActiveCfg = Release|x86
		{189AEC0C-F495-482D-A499-C5775F0ED9CE}.Release|Mixed Platforms.ActiveCfg = Release|x86
		{189AEC0C-F495-482D-A499-C5775F0ED9CE}.Release|x86.ActiveCfg = Release|x86
		{D8731938-6BC9-449A-8204-AD6B71DF28CC}.Debug|Any CPU.ActiveCfg = Debug|Any CPU
		{D8731938-6BC9-449A-8204-AD6B71DF28CC}.Debug|Any CPU.Build.0 = Debug|Any CPU
		{D8731938-6BC9-449A-8204-AD6B71DF28CC}.Debug|Mixed Platforms.ActiveCfg = Debug|Any CPU
		{D8731938-6BC9-449A-8204-AD6B71DF28CC}.Debug|Mixed Platforms.Build.0 = Debug|Any CPU
		{D8731938-6BC9-449A-8204-AD6B71DF28CC}.Debug|x86.ActiveCfg = Debug|x86
		{D8731938-6BC9-449A-8204-AD6B71DF28CC}.Debug|x86.Build.0 = Debug|x86
		{D8731938-6BC9-449A-8204-AD6B71DF28CC}.Release|Any CPU.ActiveCfg = Release|Any CPU
		{D8731938-6BC9-449A-8204-AD6B71DF28CC}.Release|Mixed Platforms.ActiveCfg = Release|Any CPU
		{D8731938-6BC9-449A-8204-AD6B71DF28CC}.Release|x86.ActiveCfg = Release|Any CPU
		{32817936-C6E8-4074-8539-2BCED41FDFFB}.Debug|Any CPU.ActiveCfg = Debug|Any CPU
		{32817936-C6E8-4074-8539-2BCED41FDFFB}.Debug|Any CPU.Build.0 = Debug|Any CPU
		{32817936-C6E8-4074-8539-2BCED41FDFFB}.Debug|Mixed Platforms.ActiveCfg = Debug|Any CPU
		{32817936-C6E8-4074-8539-2BCED41FDFFB}.Debug|Mixed Platforms.Build.0 = Debug|Any CPU
		{32817936-C6E8-4074-8539-2BCED41FDFFB}.Debug|x86.ActiveCfg = Debug|x86
		{32817936-C6E8-4074-8539-2BCED41FDFFB}.Debug|x86.Build.0 = Debug|x86
		{32817936-C6E8-4074-8539-2BCED41FDFFB}.Release|Any CPU.ActiveCfg = Release|Any CPU
		{32817936-C6E8-4074-8539-2BCED41FDFFB}.Release|Any CPU.Build.0 = Release|Any CPU
		{32817936-C6E8-4074-8539-2BCED41FDFFB}.Release|Mixed Platforms.ActiveCfg = Release|Any CPU
		{32817936-C6E8-4074-8539-2BCED41FDFFB}.Release|x86.ActiveCfg = Release|Any CPU
		{1C245544-EC35-4E8F-8B98-F23AE84A2783}.Debug|Any CPU.ActiveCfg = Debug|x86
		{1C245544-EC35-4E8F-8B98-F23AE84A2783}.Debug|Mixed Platforms.ActiveCfg = Debug|x86
		{1C245544-EC35-4E8F-8B98-F23AE84A2783}.Debug|Mixed Platforms.Build.0 = Debug|x86
		{1C245544-EC35-4E8F-8B98-F23AE84A2783}.Debug|x86.ActiveCfg = Debug|x86
		{1C245544-EC35-4E8F-8B98-F23AE84A2783}.Debug|x86.Build.0 = Debug|x86
		{1C245544-EC35-4E8F-8B98-F23AE84A2783}.Release|Any CPU.ActiveCfg = Release|x86
		{1C245544-EC35-4E8F-8B98-F23AE84A2783}.Release|Mixed Platforms.ActiveCfg = Release|x86
		{1C245544-EC35-4E8F-8B98-F23AE84A2783}.Release|Mixed Platforms.Build.0 = Release|x86
		{1C245544-EC35-4E8F-8B98-F23AE84A2783}.Release|x86.ActiveCfg = Release|x86
		{1C245544-EC35-4E8F-8B98-F23AE84A2783}.Release|x86.Build.0 = Release|x86
		{87488CF1-E834-4252-8113-FB999AD8F095}.Debug|Any CPU.ActiveCfg = Debug|x86
		{87488CF1-E834-4252-8113-FB999AD8F095}.Debug|Mixed Platforms.ActiveCfg = Debug|x86
		{87488CF1-E834-4252-8113-FB999AD8F095}.Debug|Mixed Platforms.Build.0 = Debug|x86
		{87488CF1-E834-4252-8113-FB999AD8F095}.Debug|x86.ActiveCfg = Debug|x86
		{87488CF1-E834-4252-8113-FB999AD8F095}.Debug|x86.Build.0 = Debug|x86
		{87488CF1-E834-4252-8113-FB999AD8F095}.Release|Any CPU.ActiveCfg = Release|x86
		{87488CF1-E834-4252-8113-FB999AD8F095}.Release|Mixed Platforms.ActiveCfg = Release|x86
		{87488CF1-E834-4252-8113-FB999AD8F095}.Release|Mixed Platforms.Build.0 = Release|x86
		{87488CF1-E834-4252-8113-FB999AD8F095}.Release|x86.ActiveCfg = Release|x86
		{87488CF1-E834-4252-8113-FB999AD8F095}.Release|x86.Build.0 = Release|x86
		{3D1E90A8-2442-4E9C-A4C4-76C991042636}.Debug|Any CPU.ActiveCfg = Debug|x86
		{3D1E90A8-2442-4E9C-A4C4-76C991042636}.Debug|Mixed Platforms.ActiveCfg = Debug|x86
		{3D1E90A8-2442-4E9C-A4C4-76C991042636}.Debug|Mixed Platforms.Build.0 = Debug|x86
		{3D1E90A8-2442-4E9C-A4C4-76C991042636}.Debug|x86.ActiveCfg = Debug|x86
		{3D1E90A8-2442-4E9C-A4C4-76C991042636}.Debug|x86.Build.0 = Debug|x86
		{3D1E90A8-2442-4E9C-A4C4-76C991042636}.Release|Any CPU.ActiveCfg = Release|x86
		{3D1E90A8-2442-4E9C-A4C4-76C991042636}.Release|Mixed Platforms.ActiveCfg = Release|x86
		{3D1E90A8-2442-4E9C-A4C4-76C991042636}.Release|Mixed Platforms.Build.0 = Release|x86
		{3D1E90A8-2442-4E9C-A4C4-76C991042636}.Release|x86.ActiveCfg = Release|x86
		{3D1E90A8-2442-4E9C-A4C4-76C991042636}.Release|x86.Build.0 = Release|x86
		{DBEF893F-76AE-479D-8D73-4F174A094BEA}.Debug|Any CPU.ActiveCfg = Debug|Any CPU
		{DBEF893F-76AE-479D-8D73-4F174A094BEA}.Debug|Any CPU.Build.0 = Debug|Any CPU
		{DBEF893F-76AE-479D-8D73-4F174A094BEA}.Debug|Mixed Platforms.ActiveCfg = Debug|Any CPU
		{DBEF893F-76AE-479D-8D73-4F174A094BEA}.Debug|Mixed Platforms.Build.0 = Debug|Any CPU
		{DBEF893F-76AE-479D-8D73-4F174A094BEA}.Debug|x86.ActiveCfg = Debug|x86
		{DBEF893F-76AE-479D-8D73-4F174A094BEA}.Debug|x86.Build.0 = Debug|x86
		{DBEF893F-76AE-479D-8D73-4F174A094BEA}.Release|Any CPU.ActiveCfg = Release|Any CPU
		{DBEF893F-76AE-479D-8D73-4F174A094BEA}.Release|Any CPU.Build.0 = Release|Any CPU
		{DBEF893F-76AE-479D-8D73-4F174A094BEA}.Release|Mixed Platforms.ActiveCfg = Release|Any CPU
		{DBEF893F-76AE-479D-8D73-4F174A094BEA}.Release|Mixed Platforms.Build.0 = Release|Any CPU
		{DBEF893F-76AE-479D-8D73-4F174A094BEA}.Release|x86.ActiveCfg = Release|Any CPU
		{6EFB24E8-2A61-473A-9FBC-FADA4688A513}.Debug|Any CPU.ActiveCfg = Debug|Any CPU
		{6EFB24E8-2A61-473A-9FBC-FADA4688A513}.Debug|Any CPU.Build.0 = Debug|Any CPU
		{6EFB24E8-2A61-473A-9FBC-FADA4688A513}.Debug|Mixed Platforms.ActiveCfg = Debug|Any CPU
		{6EFB24E8-2A61-473A-9FBC-FADA4688A513}.Debug|Mixed Platforms.Build.0 = Debug|Any CPU
		{6EFB24E8-2A61-473A-9FBC-FADA4688A513}.Debug|x86.ActiveCfg = Debug|x86
		{6EFB24E8-2A61-473A-9FBC-FADA4688A513}.Debug|x86.Build.0 = Debug|x86
		{6EFB24E8-2A61-473A-9FBC-FADA4688A513}.Release|Any CPU.ActiveCfg = Release|Any CPU
		{6EFB24E8-2A61-473A-9FBC-FADA4688A513}.Release|Any CPU.Build.0 = Release|Any CPU
		{6EFB24E8-2A61-473A-9FBC-FADA4688A513}.Release|Mixed Platforms.ActiveCfg = Release|Any CPU
		{6EFB24E8-2A61-473A-9FBC-FADA4688A513}.Release|Mixed Platforms.Build.0 = Release|Any CPU
		{6EFB24E8-2A61-473A-9FBC-FADA4688A513}.Release|x86.ActiveCfg = Release|Any CPU
		{7FC4561B-4E81-4B71-BDA4-02CB9D849CAA}.Debug|Any CPU.ActiveCfg = Debug|Any CPU
		{7FC4561B-4E81-4B71-BDA4-02CB9D849CAA}.Debug|Any CPU.Build.0 = Debug|Any CPU
		{7FC4561B-4E81-4B71-BDA4-02CB9D849CAA}.Debug|Mixed Platforms.ActiveCfg = Debug|x86
		{7FC4561B-4E81-4B71-BDA4-02CB9D849CAA}.Debug|Mixed Platforms.Build.0 = Debug|x86
		{7FC4561B-4E81-4B71-BDA4-02CB9D849CAA}.Debug|x86.ActiveCfg = Debug|x86
		{7FC4561B-4E81-4B71-BDA4-02CB9D849CAA}.Debug|x86.Build.0 = Debug|x86
		{7FC4561B-4E81-4B71-BDA4-02CB9D849CAA}.Release|Any CPU.ActiveCfg = Release|Any CPU
		{7FC4561B-4E81-4B71-BDA4-02CB9D849CAA}.Release|Any CPU.Build.0 = Release|Any CPU
		{7FC4561B-4E81-4B71-BDA4-02CB9D849CAA}.Release|Mixed Platforms.ActiveCfg = Release|x86
		{7FC4561B-4E81-4B71-BDA4-02CB9D849CAA}.Release|Mixed Platforms.Build.0 = Release|x86
		{7FC4561B-4E81-4B71-BDA4-02CB9D849CAA}.Release|x86.ActiveCfg = Release|x86
		{7FC4561B-4E81-4B71-BDA4-02CB9D849CAA}.Release|x86.Build.0 = Release|x86
		{A6AABDC8-27F9-4271-B585-0D980C6C5CF1}.Debug|Any CPU.ActiveCfg = Debug|Any CPU
		{A6AABDC8-27F9-4271-B585-0D980C6C5CF1}.Debug|Any CPU.Build.0 = Debug|Any CPU
		{A6AABDC8-27F9-4271-B585-0D980C6C5CF1}.Debug|Mixed Platforms.ActiveCfg = Debug|Any CPU
		{A6AABDC8-27F9-4271-B585-0D980C6C5CF1}.Debug|Mixed Platforms.Build.0 = Debug|Any CPU
		{A6AABDC8-27F9-4271-B585-0D980C6C5CF1}.Debug|x86.ActiveCfg = Debug|Any CPU
		{A6AABDC8-27F9-4271-B585-0D980C6C5CF1}.Debug|x86.Build.0 = Debug|Any CPU
		{A6AABDC8-27F9-4271-B585-0D980C6C5CF1}.Release|Any CPU.ActiveCfg = Release|Any CPU
		{A6AABDC8-27F9-4271-B585-0D980C6C5CF1}.Release|Any CPU.Build.0 = Release|Any CPU
		{A6AABDC8-27F9-4271-B585-0D980C6C5CF1}.Release|Mixed Platforms.ActiveCfg = Release|Any CPU
		{A6AABDC8-27F9-4271-B585-0D980C6C5CF1}.Release|Mixed Platforms.Build.0 = Release|Any CPU
		{A6AABDC8-27F9-4271-B585-0D980C6C5CF1}.Release|x86.ActiveCfg = Release|Any CPU
		{A6AABDC8-27F9-4271-B585-0D980C6C5CF1}.Release|x86.Build.0 = Release|Any CPU
	EndGlobalSection
	GlobalSection(SolutionProperties) = preSolution
		HideSolutionNode = FALSE
	EndGlobalSection
	GlobalSection(ExtensibilityGlobals) = postSolution
		SolutionGuid = {C869DDD7-5C1D-4CD9-B833-9C0FDDD52501}
	EndGlobalSection
EndGlobal
